// !$*UTF8*$!
{
	archiveVersion = 1;
	classes = {
	};
	objectVersion = 55;
	objects = {

/* Begin PBXBuildFile section */
		1571F67C2822D7F500C4C171 /* AppDelegate.swift in Sources */ = {isa = PBXBuildFile; fileRef = 1571F67B2822D7F500C4C171 /* AppDelegate.swift */; };
		1571F67E2822D7F500C4C171 /* SceneDelegate.swift in Sources */ = {isa = PBXBuildFile; fileRef = 1571F67D2822D7F500C4C171 /* SceneDelegate.swift */; };
		1571F6802822D7F500C4C171 /* ViewController.swift in Sources */ = {isa = PBXBuildFile; fileRef = 1571F67F2822D7F500C4C171 /* ViewController.swift */; };
		1571F6832822D7F500C4C171 /* Main.storyboard in Resources */ = {isa = PBXBuildFile; fileRef = 1571F6812822D7F500C4C171 /* Main.storyboard */; };
		1571F6852822D80000C4C171 /* Assets.xcassets in Resources */ = {isa = PBXBuildFile; fileRef = 1571F6842822D80000C4C171 /* Assets.xcassets */; };
		1571F6882822D80000C4C171 /* LaunchScreen.storyboard in Resources */ = {isa = PBXBuildFile; fileRef = 1571F6862822D80000C4C171 /* LaunchScreen.storyboard */; };
		1571F69228232AAC00C4C171 /* PantallaPeliculasViewController.swift in Sources */ = {isa = PBXBuildFile; fileRef = 1571F69028232AAC00C4C171 /* PantallaPeliculasViewController.swift */; };
		1571F69328232AAC00C4C171 /* PantallaPeliculasViewController.xib in Resources */ = {isa = PBXBuildFile; fileRef = 1571F69128232AAC00C4C171 /* PantallaPeliculasViewController.xib */; };
		1571F69528232ECD00C4C171 /* GoogleService-Info.plist in Resources */ = {isa = PBXBuildFile; fileRef = 1571F69428232ECD00C4C171 /* GoogleService-Info.plist */; };
		52A25F80DBE868E94552C4AE /* Pods_Peliculas.framework in Frameworks */ = {isa = PBXBuildFile; fileRef = DEB37CFFEC6CD5825129BF3F /* Pods_Peliculas.framework */; };
/* End PBXBuildFile section */

/* Begin PBXFileReference section */
		1571F6782822D7F500C4C171 /* Peliculas.app */ = {isa = PBXFileReference; explicitFileType = wrapper.application; includeInIndex = 0; path = Peliculas.app; sourceTree = BUILT_PRODUCTS_DIR; };
		1571F67B2822D7F500C4C171 /* AppDelegate.swift */ = {isa = PBXFileReference; lastKnownFileType = sourcecode.swift; path = AppDelegate.swift; sourceTree = "<group>"; };
		1571F67D2822D7F500C4C171 /* SceneDelegate.swift */ = {isa = PBXFileReference; lastKnownFileType = sourcecode.swift; path = SceneDelegate.swift; sourceTree = "<group>"; };
		1571F67F2822D7F500C4C171 /* ViewController.swift */ = {isa = PBXFileReference; lastKnownFileType = sourcecode.swift; path = ViewController.swift; sourceTree = "<group>"; };
		1571F6822822D7F500C4C171 /* Base */ = {isa = PBXFileReference; lastKnownFileType = file.storyboard; name = Base; path = Base.lproj/Main.storyboard; sourceTree = "<group>"; };
		1571F6842822D80000C4C171 /* Assets.xcassets */ = {isa = PBXFileReference; lastKnownFileType = folder.assetcatalog; path = Assets.xcassets; sourceTree = "<group>"; };
		1571F6872822D80000C4C171 /* Base */ = {isa = PBXFileReference; lastKnownFileType = file.storyboard; name = Base; path = Base.lproj/LaunchScreen.storyboard; sourceTree = "<group>"; };
		1571F6892822D80000C4C171 /* Info.plist */ = {isa = PBXFileReference; lastKnownFileType = text.plist.xml; path = Info.plist; sourceTree = "<group>"; };
		1571F69028232AAC00C4C171 /* PantallaPeliculasViewController.swift */ = {isa = PBXFileReference; lastKnownFileType = sourcecode.swift; path = PantallaPeliculasViewController.swift; sourceTree = "<group>"; };
		1571F69128232AAC00C4C171 /* PantallaPeliculasViewController.xib */ = {isa = PBXFileReference; lastKnownFileType = file.xib; path = PantallaPeliculasViewController.xib; sourceTree = "<group>"; };
		1571F69428232ECD00C4C171 /* GoogleService-Info.plist */ = {isa = PBXFileReference; fileEncoding = 4; lastKnownFileType = text.plist.xml; path = "GoogleService-Info.plist"; sourceTree = "<group>"; };
		2F918FA3E14505CA52B85A96 /* Pods-Peliculas.debug.xcconfig */ = {isa = PBXFileReference; includeInIndex = 1; lastKnownFileType = text.xcconfig; name = "Pods-Peliculas.debug.xcconfig"; path = "Target Support Files/Pods-Peliculas/Pods-Peliculas.debug.xcconfig"; sourceTree = "<group>"; };
		AE9B9D17AA873E0F33DAF107 /* Pods-Peliculas.release.xcconfig */ = {isa = PBXFileReference; includeInIndex = 1; lastKnownFileType = text.xcconfig; name = "Pods-Peliculas.release.xcconfig"; path = "Target Support Files/Pods-Peliculas/Pods-Peliculas.release.xcconfig"; sourceTree = "<group>"; };
		DEB37CFFEC6CD5825129BF3F /* Pods_Peliculas.framework */ = {isa = PBXFileReference; explicitFileType = wrapper.framework; includeInIndex = 0; path = Pods_Peliculas.framework; sourceTree = BUILT_PRODUCTS_DIR; };
/* End PBXFileReference section */

/* Begin PBXFrameworksBuildPhase section */
		1571F6752822D7F500C4C171 /* Frameworks */ = {
			isa = PBXFrameworksBuildPhase;
			buildActionMask = 2147483647;
			files = (
				52A25F80DBE868E94552C4AE /* Pods_Peliculas.framework in Frameworks */,
			);
			runOnlyForDeploymentPostprocessing = 0;
		};
/* End PBXFrameworksBuildPhase section */

/* Begin PBXGroup section */
		1571F66F2822D7F500C4C171 = {
			isa = PBXGroup;
			children = (
				1571F67A2822D7F500C4C171 /* Peliculas */,
				1571F6792822D7F500C4C171 /* Products */,
				AEDF39001F925AD695ADA44A /* Pods */,
				252CF6EDA99A13C0D0E6ECF6 /* Frameworks */,
			);
			sourceTree = "<group>";
		};
		1571F6792822D7F500C4C171 /* Products */ = {
			isa = PBXGroup;
			children = (
				1571F6782822D7F500C4C171 /* Peliculas.app */,
			);
			name = Products;
			sourceTree = "<group>";
		};
		1571F67A2822D7F500C4C171 /* Peliculas */ = {
			isa = PBXGroup;
			children = (
				1571F68F28232A8700C4C171 /* PantallaPeliculas */,
				1571F67B2822D7F500C4C171 /* AppDelegate.swift */,
				1571F67D2822D7F500C4C171 /* SceneDelegate.swift */,
				1571F67F2822D7F500C4C171 /* ViewController.swift */,
				1571F6812822D7F500C4C171 /* Main.storyboard */,
				1571F6842822D80000C4C171 /* Assets.xcassets */,
				1571F6862822D80000C4C171 /* LaunchScreen.storyboard */,
				1571F6892822D80000C4C171 /* Info.plist */,
				1571F69428232ECD00C4C171 /* GoogleService-Info.plist */,
			);
			path = Peliculas;
			sourceTree = "<group>";
		};
		1571F68F28232A8700C4C171 /* PantallaPeliculas */ = {
			isa = PBXGroup;
			children = (
				1571F69028232AAC00C4C171 /* PantallaPeliculasViewController.swift */,
				1571F69128232AAC00C4C171 /* PantallaPeliculasViewController.xib */,
			);
			path = PantallaPeliculas;
			sourceTree = "<group>";
		};
		252CF6EDA99A13C0D0E6ECF6 /* Frameworks */ = {
			isa = PBXGroup;
			children = (
				DEB37CFFEC6CD5825129BF3F /* Pods_Peliculas.framework */,
			);
			name = Frameworks;
			sourceTree = "<group>";
		};
		AEDF39001F925AD695ADA44A /* Pods */ = {
			isa = PBXGroup;
			children = (
				2F918FA3E14505CA52B85A96 /* Pods-Peliculas.debug.xcconfig */,
				AE9B9D17AA873E0F33DAF107 /* Pods-Peliculas.release.xcconfig */,
			);
			path = Pods;
			sourceTree = "<group>";
		};
/* End PBXGroup section */

/* Begin PBXNativeTarget section */
		1571F6772822D7F500C4C171 /* Peliculas */ = {
			isa = PBXNativeTarget;
			buildConfigurationList = 1571F68C2822D80000C4C171 /* Build configuration list for PBXNativeTarget "Peliculas" */;
			buildPhases = (
				6A54D3A3667B9AE120CB82A2 /* [CP] Check Pods Manifest.lock */,
				1571F6742822D7F500C4C171 /* Sources */,
				1571F6752822D7F500C4C171 /* Frameworks */,
				1571F6762822D7F500C4C171 /* Resources */,
				F56D863B687102B80AC03CE9 /* [CP] Embed Pods Frameworks */,
			);
			buildRules = (
			);
			dependencies = (
			);
			name = Peliculas;
			productName = Peliculas;
			productReference = 1571F6782822D7F500C4C171 /* Peliculas.app */;
			productType = "com.apple.product-type.application";
		};
/* End PBXNativeTarget section */

/* Begin PBXProject section */
		1571F6702822D7F500C4C171 /* Project object */ = {
			isa = PBXProject;
			attributes = {
				BuildIndependentTargetsInParallel = 1;
				LastSwiftUpdateCheck = 1310;
				LastUpgradeCheck = 1310;
				TargetAttributes = {
					1571F6772822D7F500C4C171 = {
						CreatedOnToolsVersion = 13.1;
					};
				};
			};
			buildConfigurationList = 1571F6732822D7F500C4C171 /* Build configuration list for PBXProject "Peliculas" */;
			compatibilityVersion = "Xcode 13.0";
			developmentRegion = en;
			hasScannedForEncodings = 0;
			knownRegions = (
				en,
				Base,
			);
			mainGroup = 1571F66F2822D7F500C4C171;
			productRefGroup = 1571F6792822D7F500C4C171 /* Products */;
			projectDirPath = "";
			projectRoot = "";
			targets = (
				1571F6772822D7F500C4C171 /* Peliculas */,
			);
		};
/* End PBXProject section */

/* Begin PBXResourcesBuildPhase section */
		1571F6762822D7F500C4C171 /* Resources */ = {
			isa = PBXResourcesBuildPhase;
			buildActionMask = 2147483647;
			files = (
				1571F6882822D80000C4C171 /* LaunchScreen.storyboard in Resources */,
				1571F6852822D80000C4C171 /* Assets.xcassets in Resources */,
				1571F69328232AAC00C4C171 /* PantallaPeliculasViewController.xib in Resources */,
				1571F6832822D7F500C4C171 /* Main.storyboard in Resources */,
				1571F69528232ECD00C4C171 /* GoogleService-Info.plist in Resources */,
			);
			runOnlyForDeploymentPostprocessing = 0;
		};
/* End PBXResourcesBuildPhase section */

/* Begin PBXShellScriptBuildPhase section */
		6A54D3A3667B9AE120CB82A2 /* [CP] Check Pods Manifest.lock */ = {
			isa = PBXShellScriptBuildPhase;
			buildActionMask = 2147483647;
			files = (
			);
			inputFileListPaths = (
			);
			inputPaths = (
				"${PODS_PODFILE_DIR_PATH}/Podfile.lock",
				"${PODS_ROOT}/Manifest.lock",
			);
			name = "[CP] Check Pods Manifest.lock";
			outputFileListPaths = (
			);
			outputPaths = (
				"$(DERIVED_FILE_DIR)/Pods-Peliculas-checkManifestLockResult.txt",
			);
			runOnlyForDeploymentPostprocessing = 0;
			shellPath = /bin/sh;
			shellScript = "diff \"${PODS_PODFILE_DIR_PATH}/Podfile.lock\" \"${PODS_ROOT}/Manifest.lock\" > /dev/null\nif [ $? != 0 ] ; then\n    # print error to STDERR\n    echo \"error: The sandbox is not in sync with the Podfile.lock. Run 'pod install' or update your CocoaPods installation.\" >&2\n    exit 1\nfi\n# This output is used by Xcode 'outputs' to avoid re-running this script phase.\necho \"SUCCESS\" > \"${SCRIPT_OUTPUT_FILE_0}\"\n";
			showEnvVarsInLog = 0;
		};
		F56D863B687102B80AC03CE9 /* [CP] Embed Pods Frameworks */ = {
			isa = PBXShellScriptBuildPhase;
			buildActionMask = 2147483647;
			files = (
			);
			inputFileListPaths = (
				"${PODS_ROOT}/Target Support Files/Pods-Peliculas/Pods-Peliculas-frameworks-${CONFIGURATION}-input-files.xcfilelist",
			);
			name = "[CP] Embed Pods Frameworks";
			outputFileListPaths = (
				"${PODS_ROOT}/Target Support Files/Pods-Peliculas/Pods-Peliculas-frameworks-${CONFIGURATION}-output-files.xcfilelist",
			);
			runOnlyForDeploymentPostprocessing = 0;
			shellPath = /bin/sh;
			shellScript = "\"${PODS_ROOT}/Target Support Files/Pods-Peliculas/Pods-Peliculas-frameworks.sh\"\n";
			showEnvVarsInLog = 0;
		};
/* End PBXShellScriptBuildPhase section */

/* Begin PBXSourcesBuildPhase section */
		1571F6742822D7F500C4C171 /* Sources */ = {
			isa = PBXSourcesBuildPhase;
			buildActionMask = 2147483647;
			files = (
				1571F6802822D7F500C4C171 /* ViewController.swift in Sources */,
				1571F67C2822D7F500C4C171 /* AppDelegate.swift in Sources */,
				1571F69228232AAC00C4C171 /* PantallaPeliculasViewController.swift in Sources */,
				1571F67E2822D7F500C4C171 /* SceneDelegate.swift in Sources */,
			);
			runOnlyForDeploymentPostprocessing = 0;
		};
/* End PBXSourcesBuildPhase section */

/* Begin PBXVariantGroup section */
		1571F6812822D7F500C4C171 /* Main.storyboard */ = {
			isa = PBXVariantGroup;
			children = (
				1571F6822822D7F500C4C171 /* Base */,
			);
			name = Main.storyboard;
			sourceTree = "<group>";
		};
		1571F6862822D80000C4C171 /* LaunchScreen.storyboard */ = {
			isa = PBXVariantGroup;
			children = (
				1571F6872822D80000C4C171 /* Base */,
			);
			name = LaunchScreen.storyboard;
			sourceTree = "<group>";
		};
/* End PBXVariantGroup section */

/* Begin XCBuildConfiguration section */
		1571F68A2822D80000C4C171 /* Debug */ = {
			isa = XCBuildConfiguration;
			buildSettings = {
				ALWAYS_SEARCH_USER_PATHS = NO;
				CLANG_ANALYZER_NONNULL = YES;
				CLANG_ANALYZER_NUMBER_OBJECT_CONVERSION = YES_AGGRESSIVE;
				CLANG_CXX_LANGUAGE_STANDARD = "gnu++17";
				CLANG_CXX_LIBRARY = "libc++";
				CLANG_ENABLE_MODULES = YES;
				CLANG_ENABLE_OBJC_ARC = YES;
				CLANG_ENABLE_OBJC_WEAK = YES;
				CLANG_WARN_BLOCK_CAPTURE_AUTORELEASING = YES;
				CLANG_WARN_BOOL_CONVERSION = YES;
				CLANG_WARN_COMMA = YES;
				CLANG_WARN_CONSTANT_CONVERSION = YES;
				CLANG_WARN_DEPRECATED_OBJC_IMPLEMENTATIONS = YES;
				CLANG_WARN_DIRECT_OBJC_ISA_USAGE = YES_ERROR;
				CLANG_WARN_DOCUMENTATION_COMMENTS = YES;
				CLANG_WARN_EMPTY_BODY = YES;
				CLANG_WARN_ENUM_CONVERSION = YES;
				CLANG_WARN_INFINITE_RECURSION = YES;
				CLANG_WARN_INT_CONVERSION = YES;
				CLANG_WARN_NON_LITERAL_NULL_CONVERSION = YES;
				CLANG_WARN_OBJC_IMPLICIT_RETAIN_SELF = YES;
				CLANG_WARN_OBJC_LITERAL_CONVERSION = YES;
				CLANG_WARN_OBJC_ROOT_CLASS = YES_ERROR;
				CLANG_WARN_QUOTED_INCLUDE_IN_FRAMEWORK_HEADER = YES;
				CLANG_WARN_RANGE_LOOP_ANALYSIS = YES;
				CLANG_WARN_STRICT_PROTOTYPES = YES;
				CLANG_WARN_SUSPICIOUS_MOVE = YES;
				CLANG_WARN_UNGUARDED_AVAILABILITY = YES_AGGRESSIVE;
				CLANG_WARN_UNREACHABLE_CODE = YES;
				CLANG_WARN__DUPLICATE_METHOD_MATCH = YES;
				COPY_PHASE_STRIP = NO;
				DEBUG_INFORMATION_FORMAT = dwarf;
				ENABLE_STRICT_OBJC_MSGSEND = YES;
				ENABLE_TESTABILITY = YES;
				GCC_C_LANGUAGE_STANDARD = gnu11;
				GCC_DYNAMIC_NO_PIC = NO;
				GCC_NO_COMMON_BLOCKS = YES;
				GCC_OPTIMIZATION_LEVEL = 0;
				GCC_PREPROCESSOR_DEFINITIONS = (
					"DEBUG=1",
					"$(inherited)",
				);
				GCC_WARN_64_TO_32_BIT_CONVERSION = YES;
				GCC_WARN_ABOUT_RETURN_TYPE = YES_ERROR;
				GCC_WARN_UNDECLARED_SELECTOR = YES;
				GCC_WARN_UNINITIALIZED_AUTOS = YES_AGGRESSIVE;
				GCC_WARN_UNUSED_FUNCTION = YES;
				GCC_WARN_UNUSED_VARIABLE = YES;
				IPHONEOS_DEPLOYMENT_TARGET = 15.0;
				MTL_ENABLE_DEBUG_INFO = INCLUDE_SOURCE;
				MTL_FAST_MATH = YES;
				ONLY_ACTIVE_ARCH = YES;
				SDKROOT = iphoneos;
				SWIFT_ACTIVE_COMPILATION_CONDITIONS = DEBUG;
				SWIFT_OPTIMIZATION_LEVEL = "-Onone";
			};
			name = Debug;
		};
		1571F68B2822D80000C4C171 /* Release */ = {
			isa = XCBuildConfiguration;
			buildSettings = {
				ALWAYS_SEARCH_USER_PATHS = NO;
				CLANG_ANALYZER_NONNULL = YES;
				CLANG_ANALYZER_NUMBER_OBJECT_CONVERSION = YES_AGGRESSIVE;
				CLANG_CXX_LANGUAGE_STANDARD = "gnu++17";
				CLANG_CXX_LIBRARY = "libc++";
				CLANG_ENABLE_MODULES = YES;
				CLANG_ENABLE_OBJC_ARC = YES;
				CLANG_ENABLE_OBJC_WEAK = YES;
				CLANG_WARN_BLOCK_CAPTURE_AUTORELEASING = YES;
				CLANG_WARN_BOOL_CONVERSION = YES;
				CLANG_WARN_COMMA = YES;
				CLANG_WARN_CONSTANT_CONVERSION = YES;
				CLANG_WARN_DEPRECATED_OBJC_IMPLEMENTATIONS = YES;
				CLANG_WARN_DIRECT_OBJC_ISA_USAGE = YES_ERROR;
				CLANG_WARN_DOCUMENTATION_COMMENTS = YES;
				CLANG_WARN_EMPTY_BODY = YES;
				CLANG_WARN_ENUM_CONVERSION = YES;
				CLANG_WARN_INFINITE_RECURSION = YES;
				CLANG_WARN_INT_CONVERSION = YES;
				CLANG_WARN_NON_LITERAL_NULL_CONVERSION = YES;
				CLANG_WARN_OBJC_IMPLICIT_RETAIN_SELF = YES;
				CLANG_WARN_OBJC_LITERAL_CONVERSION = YES;
				CLANG_WARN_OBJC_ROOT_CLASS = YES_ERROR;
				CLANG_WARN_QUOTED_INCLUDE_IN_FRAMEWORK_HEADER = YES;
				CLANG_WARN_RANGE_LOOP_ANALYSIS = YES;
				CLANG_WARN_STRICT_PROTOTYPES = YES;
				CLANG_WARN_SUSPICIOUS_MOVE = YES;
				CLANG_WARN_UNGUARDED_AVAILABILITY = YES_AGGRESSIVE;
				CLANG_WARN_UNREACHABLE_CODE = YES;
				CLANG_WARN__DUPLICATE_METHOD_MATCH = YES;
				COPY_PHASE_STRIP = NO;
				DEBUG_INFORMATION_FORMAT = "dwarf-with-dsym";
				ENABLE_NS_ASSERTIONS = NO;
				ENABLE_STRICT_OBJC_MSGSEND = YES;
				GCC_C_LANGUAGE_STANDARD = gnu11;
				GCC_NO_COMMON_BLOCKS = YES;
				GCC_WARN_64_TO_32_BIT_CONVERSION = YES;
				GCC_WARN_ABOUT_RETURN_TYPE = YES_ERROR;
				GCC_WARN_UNDECLARED_SELECTOR = YES;
				GCC_WARN_UNINITIALIZED_AUTOS = YES_AGGRESSIVE;
				GCC_WARN_UNUSED_FUNCTION = YES;
				GCC_WARN_UNUSED_VARIABLE = YES;
				IPHONEOS_DEPLOYMENT_TARGET = 15.0;
				MTL_ENABLE_DEBUG_INFO = NO;
				MTL_FAST_MATH = YES;
				SDKROOT = iphoneos;
				SWIFT_COMPILATION_MODE = wholemodule;
				SWIFT_OPTIMIZATION_LEVEL = "-O";
				VALIDATE_PRODUCT = YES;
			};
			name = Release;
		};
		1571F68D2822D80000C4C171 /* Debug */ = {
			isa = XCBuildConfiguration;
			baseConfigurationReference = 2F918FA3E14505CA52B85A96 /* Pods-Peliculas.debug.xcconfig */;
			buildSettings = {
				ASSETCATALOG_COMPILER_APPICON_NAME = AppIcon;
				ASSETCATALOG_COMPILER_GLOBAL_ACCENT_COLOR_NAME = AccentColor;
				CODE_SIGN_STYLE = Automatic;
				CURRENT_PROJECT_VERSION = 1;
				GENERATE_INFOPLIST_FILE = YES;
				INFOPLIST_FILE = Peliculas/Info.plist;
				INFOPLIST_KEY_UIApplicationSupportsIndirectInputEvents = YES;
				INFOPLIST_KEY_UILaunchStoryboardName = LaunchScreen;
				INFOPLIST_KEY_UIMainStoryboardFile = Main;
				INFOPLIST_KEY_UISupportedInterfaceOrientations_iPad = "UIInterfaceOrientationPortrait UIInterfaceOrientationPortraitUpsideDown UIInterfaceOrientationLandscapeLeft UIInterfaceOrientationLandscapeRight";
				INFOPLIST_KEY_UISupportedInterfaceOrientations_iPhone = "UIInterfaceOrientationPortrait UIInterfaceOrientationLandscapeLeft UIInterfaceOrientationLandscapeRight";
				LD_RUNPATH_SEARCH_PATHS = (
					"$(inherited)",
					"@executable_path/Frameworks",
				);
				MARKETING_VERSION = 1.0;
				PRODUCT_BUNDLE_IDENTIFIER = com.Peliculas;
				PRODUCT_NAME = "$(TARGET_NAME)";
				SWIFT_EMIT_LOC_STRINGS = YES;
				SWIFT_VERSION = 5.0;
				TARGETED_DEVICE_FAMILY = "1,2";
			};
			name = Debug;
		};
		1571F68E2822D80000C4C171 /* Release */ = {
			isa = XCBuildConfiguration;
			baseConfigurationReference = AE9B9D17AA873E0F33DAF107 /* Pods-Peliculas.release.xcconfig */;
			buildSettings = {
				ASSETCATALOG_COMPILER_APPICON_NAME = AppIcon;
				ASSETCATALOG_COMPILER_GLOBAL_ACCENT_COLOR_NAME = AccentColor;
				CODE_SIGN_STYLE = Automatic;
				CURRENT_PROJECT_VERSION = 1;
				GENERATE_INFOPLIST_FILE = YES;
				INFOPLIST_FILE = Peliculas/Info.plist;
				INFOPLIST_KEY_UIApplicationSupportsIndirectInputEvents = YES;
				INFOPLIST_KEY_UILaunchStoryboardName = LaunchScreen;
				INFOPLIST_KEY_UIMainStoryboardFile = Main;
				INFOPLIST_KEY_UISupportedInterfaceOrientations_iPad = "UIInterfaceOrientationPortrait UIInterfaceOrientationPortraitUpsideDown UIInterfaceOrientationLandscapeLeft UIInterfaceOrientationLandscapeRight";
				INFOPLIST_KEY_UISupportedInterfaceOrientations_iPhone = "UIInterfaceOrientationPortrait UIInterfaceOrientationLandscapeLeft UIInterfaceOrientationLandscapeRight";
				LD_RUNPATH_SEARCH_PATHS = (
					"$(inherited)",
					"@executable_path/Frameworks",
				);
				MARKETING_VERSION = 1.0;
				PRODUCT_BUNDLE_IDENTIFIER = com.Peliculas;
				PRODUCT_NAME = "$(TARGET_NAME)";
				SWIFT_EMIT_LOC_STRINGS = YES;
				SWIFT_VERSION = 5.0;
				TARGETED_DEVICE_FAMILY = "1,2";
			};
			name = Release;
		};
/* End XCBuildConfiguration section */

/* Begin XCConfigurationList section */
		1571F6732822D7F500C4C171 /* Build configuration list for PBXProject "Peliculas" */ = {
			isa = XCConfigurationList;
			buildConfigurations = (
				1571F68A2822D80000C4C171 /* Debug */,
				1571F68B2822D80000C4C171 /* Release */,
			);
			defaultConfigurationIsVisible = 0;
			defaultConfigurationName = Release;
		};
		1571F68C2822D80000C4C171 /* Build configuration list for PBXNativeTarget "Peliculas" */ = {
			isa = XCConfigurationList;
			buildConfigurations = (
				1571F68D2822D80000C4C171 /* Debug */,
				1571F68E2822D80000C4C171 /* Release */,
			);
			defaultConfigurationIsVisible = 0;
			defaultConfigurationName = Release;
		};
/* End XCConfigurationList section */
	};
	rootObject = 1571F6702822D7F500C4C171 /* Project object */;
}
